
Microsoft Visual Studio Solution File, Format Version 12.00
# Visual Studio Version 16
VisualStudioVersion = 16.0.30907.101
MinimumVisualStudioVersion = 10.0.40219.1
Project("{FAE04EC0-301F-11D3-BF4B-00C04F79EFBC}") = "PruebaApis", "PruebaApis\PruebaApis.csproj", "{B3A47E64-45EC-4FDC-8C56-E0F8DE363867}"
EndProject
Global
	GlobalSection(SolutionConfigurationPlatforms) = preSolution
		Debug|Any CPU = Debug|Any CPU
		Release|Any CPU = Release|Any CPU
	EndGlobalSection
	GlobalSection(ProjectConfigurationPlatforms) = postSolution
		{B3A47E64-45EC-4FDC-8C56-E0F8DE363867}.Debug|Any CPU.ActiveCfg = Debug|Any CPU
		{B3A47E64-45EC-4FDC-8C56-E0F8DE363867}.Debug|Any CPU.Build.0 = Debug|Any CPU
		{B3A47E64-45EC-4FDC-8C56-E0F8DE363867}.Release|Any CPU.ActiveCfg = Release|Any CPU
		{B3A47E64-45EC-4FDC-8C56-E0F8DE363867}.Release|Any CPU.Build.0 = Release|Any CPU
	EndGlobalSection
	GlobalSection(SolutionProperties) = preSolution
		HideSolutionNode = FALSE
	EndGlobalSection
	GlobalSection(ExtensibilityGlobals) = postSolution
		SolutionGuid = {1BD2BF4F-7CC7-4155-8EFD-18988644E818}
	EndGlobalSection
EndGlobal
